#MicroXplorer Configuration settings - do not modify
Mcu.Family=STM32F1
ProjectManager.MainLocation=Core/Src
RCC.MCOFreq_Value=8000000
PB13.GPIOParameters=GPIO_PuPd
ProjectManager.KeepUserCode=true
Mcu.UserName=STM32F103C8Tx
PB10.GPIO_PuPd=GPIO_PULLUP
ADC1.ContinuousConvMode=ENABLE
PA8.GPIO_Mode=GPIO_MODE_INPUT
TIM1.IPParameters=Period,EncoderMode,IC1Filter,IC2Filter,Prescaler,CounterMode,ClockDivision
PA10.GPIO_PuPd=GPIO_PULLUP
SH.ADCx_IN2.0=ADC1_IN2,IN2
RCC.PLLCLKFreq_Value=16000000
PA12.GPIOParameters=GPIO_PuPd
ProjectManager.functionlistsort=1-MX_GPIO_Init-GPIO-false-HAL-true,2-SystemClock_Config-RCC-false-HAL-true,3-MX_TIM1_Init-TIM1-false-HAL-true,4-MX_I2C1_Init-I2C1-false-HAL-true,5-MX_ADC1_Init-ADC1-false-HAL-true,6-MX_TIM2_Init-TIM2-false-HAL-true
PA9.GPIOParameters=GPIO_PuPd,GPIO_Mode
PA11.GPIOParameters=GPIO_PuPd
TIM1.EncoderMode=TIM_ENCODERMODE_TI1
RCC.ADCFreqValue=500000
PA11.GPIO_PuPd=GPIO_PULLUP
PB11.GPIO_PuPd=GPIO_PULLUP
SH.S_TIM1_CH1.ConfNb=1
PB11.Signal=GPIO_Input
PB13.Signal=GPIO_Input
PB15.Signal=GPIO_Output
PinOutPanel.RotationAngle=0
RCC.SYSCLKSource=RCC_SYSCLKSOURCE_HSE
ProjectManager.StackSize=0x400
PD1-OSC_OUT.Signal=RCC_OSC_OUT
Mcu.IP4=SYS
RCC.FCLKCortexFreq_Value=4000000
Mcu.IP5=TIM1
I2C1.IPParameters=I2C_Mode
Mcu.IP2=NVIC
NVIC.SVCall_IRQn=true\:0\:0\:false\:false\:true\:false\:false
Mcu.IP3=RCC
PB4.GPIOParameters=GPIO_PuPd
Mcu.IP0=ADC1
PA12.Locked=true
Mcu.IP1=I2C1
PA12.Signal=GPIO_Input
TIM1.Prescaler=0
Mcu.UserConstants=
Mcu.ThirdPartyNb=0
PB1.GPIO_PuPd=GPIO_PULLUP
RCC.HCLKFreq_Value=4000000
Mcu.IPNb=7
TIM2.IPParameters=Period
ProjectManager.PreviousToolchain=STM32CubeIDE
RCC.APB2TimFreq_Value=2000000
PB6.Signal=GPIO_Output
PA8.GPIOParameters=GPIO_PuPd,GPIO_Mode
Mcu.Pin6=PA1
Mcu.Pin7=PA2
Mcu.Pin8=PA3
Mcu.Pin9=PA4
RCC.AHBFreq_Value=4000000
PB13.Locked=true
Mcu.Pin0=PC13-TAMPER-RTC
Mcu.Pin1=PC14-OSC32_IN
Mcu.Pin2=PC15-OSC32_OUT
PA9.GPIO_Mode=GPIO_MODE_INPUT
Mcu.Pin3=PD0-OSC_IN
Mcu.Pin4=PD1-OSC_OUT
Mcu.Pin5=PA0-WKUP
ADC1.Channel-0\#ChannelRegularConversion=ADC_CHANNEL_0
ProjectManager.ProjectBuild=false
NVIC.UsageFault_IRQn=true\:0\:0\:false\:false\:true\:false\:false
NVIC.DebugMonitor_IRQn=true\:0\:0\:false\:false\:true\:false\:false
PA4.Locked=true
NVIC.SysTick_IRQn=true\:0\:0\:false\:false\:true\:false\:true
ProjectManager.FirmwarePackage=STM32Cube FW_F1 V1.7.0
MxDb.Version=DB.5.0.0
PB0.GPIOParameters=GPIO_PuPd
PB3.GPIO_PuPd=GPIO_PULLUP
ProjectManager.BackupPrevious=false
PA14.Mode=Serial_Wire
SH.ADCx_IN1.ConfNb=1
File.Version=6
PB3.GPIOParameters=GPIO_PuPd
PB7.Signal=GPIO_Output
PB8.Locked=true
PA8.Signal=S_TIM1_CH1
SH.ADCx_IN0.0=ADC1_IN0,IN0
PB6.Locked=true
NVIC.PendSV_IRQn=true\:0\:0\:false\:false\:true\:false\:false
ProjectManager.HalAssertFull=false
PB0.Locked=true
ADC1.SamplingTime-0\#ChannelRegularConversion=ADC_SAMPLETIME_239CYCLES_5
ProjectManager.ProjectName=hbr-mk2-New
RCC.PLLMCOFreq_Value=8000000
Mcu.Package=LQFP48
PB9.Signal=I2C1_SDA
PB1.Signal=GPIO_Input
PA6.Signal=GPIO_Output
PA7.Locked=true
PA5.Locked=true
ProjectManager.ToolChainLocation=
VP_SYS_VS_Systick.Signal=SYS_VS_Systick
PA10.Signal=GPIO_Input
PA15.Signal=S_TIM2_CH1_ETR
RCC.APB2CLKDivider=RCC_HCLK_DIV4
SH.ADCx_IN1.0=ADC1_IN1,IN1
RCC.APB1TimFreq_Value=4000000
NVIC.BusFault_IRQn=true\:0\:0\:false\:false\:true\:false\:false
TIM1.Period=65535
PB10.GPIOParameters=GPIO_PuPd
PA12.GPIO_PuPd=GPIO_PULLUP
ProjectManager.CustomerFirmwarePackage=
PC14-OSC32_IN.Locked=true
PB15.Locked=true
PB4.Signal=GPIO_Input
PA3.Signal=GPIO_Output
RCC.PLLSourceVirtual=RCC_PLLSOURCE_HSE
ProjectManager.ProjectFileName=hbr-mk2-New.ioc
ADC1.Rank-0\#ChannelRegularConversion=1
PD1-OSC_OUT.Mode=HSE-External-Oscillator
PA15.GPIOParameters=GPIO_PuPd
Mcu.PinsNb=37
ProjectManager.NoMain=false
ADC1.IPParameters=Rank-0\#ChannelRegularConversion,Channel-0\#ChannelRegularConversion,SamplingTime-0\#ChannelRegularConversion,NbrOfConversionFlag,ContinuousConvMode,NbrOfConversion,master
TIM1.CounterMode=TIM_COUNTERMODE_UP
PC13-TAMPER-RTC.Signal=GPIO_Output
ProjectManager.DefaultFWLocation=true
PD0-OSC_IN.Signal=RCC_OSC_IN
PB12.Locked=true
ProjectManager.DeletePrevious=true
PB14.Locked=true
PC14-OSC32_IN.Signal=GPIO_Output
PB10.Locked=true
RCC.TimSys_Div=SYSTICK_CLKSOURCE_HCLK_DIV8
PA9.GPIO_PuPd=GPIO_PULLUP
SH.S_TIM2_CH1_ETR.ConfNb=1
RCC.FamilyName=M
PA0-WKUP.Signal=ADCx_IN0
TIM1.ClockDivision=TIM_CLOCKDIVISION_DIV1
PA13.Signal=SYS_JTMS-SWDIO
SH.S_TIM2_CH2.0=TIM2_CH2,Encoder_Interface
PA11.Locked=true
PC15-OSC32_OUT.Locked=true
SH.S_TIM1_CH1.0=TIM1_CH1,Encoder_Interface
ProjectManager.TargetToolchain=STM32CubeIDE
I2C1.I2C_Mode=I2C_Standard
PB9.Mode=I2C
PA9.Signal=S_TIM1_CH2
SH.S_TIM2_CH2.ConfNb=1
PB11.GPIOParameters=GPIO_PuPd
PB5.Locked=true
PB9.Locked=true
PB4.GPIO_PuPd=GPIO_PULLUP
ProjectManager.RegisterCallBack=
PC13-TAMPER-RTC.Locked=true
RCC.USBFreq_Value=16000000
PC15-OSC32_OUT.Signal=GPIO_Output
PA1.Signal=ADCx_IN1
PB1.Locked=true
SH.S_TIM1_CH2.ConfNb=1
PB10.Signal=GPIO_Input
PD0-OSC_IN.Mode=HSE-External-Oscillator
PB14.Signal=GPIO_Output
PA5.Signal=GPIO_Output
board=stm32-si5351-vfo
ProjectManager.LastFirmware=true
PB13.GPIO_PuPd=GPIO_PULLUP
RCC.VCOOutput2Freq_Value=8000000
RCC.APB2Freq_Value=1000000
MxCube.Version=5.0.0
SH.S_TIM1_CH2.0=TIM1_CH2,Encoder_Interface
Mcu.Pin35=PB9
Mcu.Pin36=VP_SYS_VS_Systick
SH.ADCx_IN0.ConfNb=1
SH.ADCx_IN2.ConfNb=1
Mcu.Pin30=PB4
PA10.GPIOParameters=GPIO_PuPd
VP_SYS_VS_Systick.Mode=SysTick
TIM1.IC2Filter=0
Mcu.Pin33=PB7
Mcu.Pin34=PB8
Mcu.Pin31=PB5
Mcu.Pin32=PB6
NVIC.NonMaskableInt_IRQn=true\:0\:0\:false\:false\:true\:false\:false
RCC.AHBCLKDivider=RCC_SYSCLK_DIV2
TIM2.Period=65535
ADC1.NbrOfConversion=1
PA13.Mode=Serial_Wire
ProjectManager.FreePins=false
RCC.IPParameters=ADCFreqValue,AHBCLKDivider,AHBFreq_Value,APB1Freq_Value,APB1TimFreq_Value,APB2CLKDivider,APB2Freq_Value,APB2TimFreq_Value,FCLKCortexFreq_Value,FamilyName,HCLKFreq_Value,MCOFreq_Value,PLLCLKFreq_Value,PLLMCOFreq_Value,PLLSourceVirtual,SYSCLKFreq_VALUE,SYSCLKSource,TimSysFreq_Value,TimSys_Div,USBFreq_Value,VCOOutput2Freq_Value
ProjectManager.AskForMigrate=true
Mcu.Name=STM32F103C(8-B)Tx
Mcu.Pin26=PA13
Mcu.Pin27=PA14
PA2.Signal=ADCx_IN2
Mcu.Pin24=PA11
ProjectManager.UnderRoot=true
Mcu.Pin25=PA12
Mcu.Pin28=PA15
Mcu.IP6=TIM2
Mcu.Pin29=PB3
ProjectManager.CoupleFile=false
PB4.Locked=true
PB3.Signal=S_TIM2_CH2
PA4.Signal=GPIO_Output
RCC.SYSCLKFreq_VALUE=8000000
PB5.Signal=GPIO_Output
Mcu.Pin22=PA9
Mcu.Pin23=PA10
RCC.TimSysFreq_Value=500000
Mcu.Pin20=PB15
ADC1.master=1
PA3.Locked=true
Mcu.Pin21=PA8
PA10.Locked=true
TIM1.IC1Filter=0
NVIC.ForceEnableDMAVector=true
KeepUserPlacement=false
NVIC.MemoryManagement_IRQn=true\:0\:0\:false\:false\:true\:false\:false
ProjectManager.CompilerOptimize=6
PA11.Signal=GPIO_Input
SH.S_TIM2_CH1_ETR.0=TIM2_CH1,Encoder_Interface
PA14.Signal=SYS_JTCK-SWCLK
ProjectManager.HeapSize=0x200
Mcu.Pin15=PB10
NVIC.HardFault_IRQn=true\:0\:0\:false\:false\:true\:false\:false
Mcu.Pin16=PB11
Mcu.Pin13=PB0
Mcu.Pin14=PB1
Mcu.Pin19=PB14
ProjectManager.ComputerToolchain=false
Mcu.Pin17=PB12
Mcu.Pin18=PB13
PA8.GPIO_PuPd=GPIO_PULLUP
NVIC.PriorityGroup=NVIC_PRIORITYGROUP_4
ADC1.NbrOfConversionFlag=1
Mcu.Pin11=PA6
Mcu.Pin12=PA7
PB8.Mode=I2C
Mcu.Pin10=PA5
PA15.GPIO_PuPd=GPIO_PULLUP
PB7.Locked=true
PB8.Signal=I2C1_SCL
PB12.GPIO_PuPd=GPIO_PULLUP
RCC.APB1Freq_Value=4000000
PB0.Signal=GPIO_Input
PB11.Locked=true
ProjectManager.DeviceId=STM32F103C8Tx
PB12.GPIOParameters=GPIO_PuPd
PB12.Signal=GPIO_Input
ProjectManager.LibraryCopy=1
PB0.GPIO_PuPd=GPIO_PULLUP
PB1.GPIOParameters=GPIO_PuPd
PA7.Signal=GPIO_Output
PA6.Locked=true
isbadioc=false
